
Microsoft Visual Studio Solution File, Format Version 11.00
# Visual Studio 2012
Project("{FAE04EC0-301F-11D3-BF4B-00C04F79EFBC}") = "IndexedCollections", "IndexedCollections\IndexedCollections.csproj", "{2256164A-E374-4016-BF56-954E4681FB12}"
EndProject
Project("{FAE04EC0-301F-11D3-BF4B-00C04F79EFBC}") = "IndexedCollections.Tests", "IndexedCollections.Tests\IndexedCollections.Tests.csproj", "{EC441811-A239-48C8-91B6-A3D6BB39B21F}"
EndProject
Project("{2150E333-8FDC-42A3-9474-1A3956D46DE8}") = "Solution Items", "Solution Items", "{0F948F45-D521-49FE-83CF-4E72C85FAD17}"
	ProjectSection(SolutionItems) = preProject
		IndexedCollections.vsmdi = IndexedCollections.vsmdi
		Local.testsettings = Local.testsettings
		TraceAndTestImpact.testsettings = TraceAndTestImpact.testsettings
	EndProjectSection
EndProject
Global
	GlobalSection(TestCaseManagementSettings) = postSolution
		CategoryFile = IndexedCollections.vsmdi
	EndGlobalSection
	GlobalSection(SolutionConfigurationPlatforms) = preSolution
		Debug|Any CPU = Debug|Any CPU
		Release|Any CPU = Release|Any CPU
	EndGlobalSection
	GlobalSection(ProjectConfigurationPlatforms) = postSolution
		{2256164A-E374-4016-BF56-954E4681FB12}.Debug|Any CPU.ActiveCfg = Debug|Any CPU
		{2256164A-E374-4016-BF56-954E4681FB12}.Debug|Any CPU.Build.0 = Debug|Any CPU
		{2256164A-E374-4016-BF56-954E4681FB12}.Release|Any CPU.ActiveCfg = Release|Any CPU
		{2256164A-E374-4016-BF56-954E4681FB12}.Release|Any CPU.Build.0 = Release|Any CPU
		{EC441811-A239-48C8-91B6-A3D6BB39B21F}.Debug|Any CPU.ActiveCfg = Debug|Any CPU
		{EC441811-A239-48C8-91B6-A3D6BB39B21F}.Debug|Any CPU.Build.0 = Debug|Any CPU
		{EC441811-A239-48C8-91B6-A3D6BB39B21F}.Release|Any CPU.ActiveCfg = Release|Any CPU
		{EC441811-A239-48C8-91B6-A3D6BB39B21F}.Release|Any CPU.Build.0 = Release|Any CPU
	EndGlobalSection
	GlobalSection(SolutionProperties) = preSolution
		HideSolutionNode = FALSE
	EndGlobalSection
EndGlobal
